
Microsoft Visual Studio Solution File, Format Version 12.00
# Visual Studio Version 17
VisualStudioVersion = 17.14.36221.1 d17.14
MinimumVisualStudioVersion = 10.0.40219.1
Project("{FAE04EC0-301F-11D3-BF4B-00C04F79EFBC}") = "AppTeste", "AppTeste.csproj", "{A3F4A124-EE1A-492A-9CDB-3450FD52E12B}"
EndProject
Global
	GlobalSection(SolutionConfigurationPlatforms) = preSolution
		Debug|Any CPU = Debug|Any CPU
		Release|Any CPU = Release|Any CPU
	EndGlobalSection
	GlobalSection(ProjectConfigurationPlatforms) = postSolution
		{A3F4A124-EE1A-492A-9CDB-3450FD52E12B}.Debug|Any CPU.ActiveCfg = Debug|Any CPU
		{A3F4A124-EE1A-492A-9CDB-3450FD52E12B}.Debug|Any CPU.Build.0 = Debug|Any CPU
		{A3F4A124-EE1A-492A-9CDB-3450FD52E12B}.Release|Any CPU.ActiveCfg = Release|Any CPU
		{A3F4A124-EE1A-492A-9CDB-3450FD52E12B}.Release|Any CPU.Build.0 = Release|Any CPU
	EndGlobalSection
	GlobalSection(SolutionProperties) = preSolution
		HideSolutionNode = FALSE
	EndGlobalSection
	GlobalSection(ExtensibilityGlobals) = postSolution
		SolutionGuid = {E864DC5E-3D8B-4659-A8A0-18566B787006}
	EndGlobalSection
EndGlobal
